
Microsoft Visual Studio Solution File, Format Version 12.00
# Visual Studio 2012
Project("{FAE04EC0-301F-11D3-BF4B-00C04F79EFBC}") = "project2", "project2\project2.csproj", "{C29FE9E6-4931-4541-A9A6-C2A44A34F90E}"
EndProject
Global
	GlobalSection(SolutionConfigurationPlatforms) = preSolution
		Debug|Any CPU = Debug|Any CPU
		Release|Any CPU = Release|Any CPU
	EndGlobalSection
	GlobalSection(ProjectConfigurationPlatforms) = postSolution
		{C29FE9E6-4931-4541-A9A6-C2A44A34F90E}.Debug|Any CPU.ActiveCfg = Debug|Any CPU
		{C29FE9E6-4931-4541-A9A6-C2A44A34F90E}.Debug|Any CPU.Build.0 = Debug|Any CPU
		{C29FE9E6-4931-4541-A9A6-C2A44A34F90E}.Release|Any CPU.ActiveCfg = Release|Any CPU
		{C29FE9E6-4931-4541-A9A6-C2A44A34F90E}.Release|Any CPU.Build.0 = Release|Any CPU
	EndGlobalSection
	GlobalSection(SolutionProperties) = preSolution
		HideSolutionNode = FALSE
	EndGlobalSection
EndGlobal
